
Microsoft Visual Studio Solution File, Format Version 12.00
# Visual Studio 2013
VisualStudioVersion = 12.0.30501.0
MinimumVisualStudioVersion = 10.0.40219.1
Project("{FAE04EC0-301F-11D3-BF4B-00C04F79EFBC}") = "IocContainerDemo", "src\IocContainerDemo\IocContainerDemo.csproj", "{65BDEB22-93B1-463C-A94C-55B7266D2A77}"
EndProject
Project("{FAE04EC0-301F-11D3-BF4B-00C04F79EFBC}") = "NinjectIoc", "src\NinjectIoc\NinjectIoc.csproj", "{9730685A-ED89-495A-96A7-881CDBA363E2}"
EndProject
Project("{2150E333-8FDC-42A3-9474-1A3956D46DE8}") = "Common", "Common", "{B0151C3D-CD99-4D0A-943F-F51BC5938953}"
EndProject
Project("{FAE04EC0-301F-11D3-BF4B-00C04F79EFBC}") = "ShoppingCart", "src\ShoppingCart\ShoppingCart.csproj", "{75596EED-4746-4435-A6A2-58B3E237F8BC}"
EndProject
Global
	GlobalSection(SolutionConfigurationPlatforms) = preSolution
		Debug|Any CPU = Debug|Any CPU
		Release|Any CPU = Release|Any CPU
	EndGlobalSection
	GlobalSection(ProjectConfigurationPlatforms) = postSolution
		{65BDEB22-93B1-463C-A94C-55B7266D2A77}.Debug|Any CPU.ActiveCfg = Debug|Any CPU
		{65BDEB22-93B1-463C-A94C-55B7266D2A77}.Debug|Any CPU.Build.0 = Debug|Any CPU
		{65BDEB22-93B1-463C-A94C-55B7266D2A77}.Release|Any CPU.ActiveCfg = Release|Any CPU
		{65BDEB22-93B1-463C-A94C-55B7266D2A77}.Release|Any CPU.Build.0 = Release|Any CPU
		{9730685A-ED89-495A-96A7-881CDBA363E2}.Debug|Any CPU.ActiveCfg = Debug|Any CPU
		{9730685A-ED89-495A-96A7-881CDBA363E2}.Debug|Any CPU.Build.0 = Debug|Any CPU
		{9730685A-ED89-495A-96A7-881CDBA363E2}.Release|Any CPU.ActiveCfg = Release|Any CPU
		{9730685A-ED89-495A-96A7-881CDBA363E2}.Release|Any CPU.Build.0 = Release|Any CPU
		{75596EED-4746-4435-A6A2-58B3E237F8BC}.Debug|Any CPU.ActiveCfg = Debug|Any CPU
		{75596EED-4746-4435-A6A2-58B3E237F8BC}.Debug|Any CPU.Build.0 = Debug|Any CPU
		{75596EED-4746-4435-A6A2-58B3E237F8BC}.Release|Any CPU.ActiveCfg = Release|Any CPU
		{75596EED-4746-4435-A6A2-58B3E237F8BC}.Release|Any CPU.Build.0 = Release|Any CPU
	EndGlobalSection
	GlobalSection(SolutionProperties) = preSolution
		HideSolutionNode = FALSE
	EndGlobalSection
	GlobalSection(NestedProjects) = preSolution
		{75596EED-4746-4435-A6A2-58B3E237F8BC} = {B0151C3D-CD99-4D0A-943F-F51BC5938953}
	EndGlobalSection
EndGlobal
